
Microsoft Visual Studio Solution File, Format Version 12.00
# Visual Studio Version 17
VisualStudioVersion = 17.7.34024.191
MinimumVisualStudioVersion = 10.0.40219.1
Project("{FAE04EC0-301F-11D3-BF4B-00C04F79EFBC}") = "Lab_Work", "Lab_Work\Lab_Work.csproj", "{2305D9A5-041B-4CC2-8543-6CE592AC4000}"
EndProject
Project("{FAE04EC0-301F-11D3-BF4B-00C04F79EFBC}") = "Tasks", "Tasks\Tasks.csproj", "{69303152-128F-41A5-9A4E-10E54C9A3714}"
EndProject
Global
	GlobalSection(SolutionConfigurationPlatforms) = preSolution
		Debug|Any CPU = Debug|Any CPU
		Release|Any CPU = Release|Any CPU
	EndGlobalSection
	GlobalSection(ProjectConfigurationPlatforms) = postSolution
		{2305D9A5-041B-4CC2-8543-6CE592AC4000}.Debug|Any CPU.ActiveCfg = Debug|Any CPU
		{2305D9A5-041B-4CC2-8543-6CE592AC4000}.Debug|Any CPU.Build.0 = Debug|Any CPU
		{2305D9A5-041B-4CC2-8543-6CE592AC4000}.Release|Any CPU.ActiveCfg = Release|Any CPU
		{2305D9A5-041B-4CC2-8543-6CE592AC4000}.Release|Any CPU.Build.0 = Release|Any CPU
		{69303152-128F-41A5-9A4E-10E54C9A3714}.Debug|Any CPU.ActiveCfg = Debug|Any CPU
		{69303152-128F-41A5-9A4E-10E54C9A3714}.Debug|Any CPU.Build.0 = Debug|Any CPU
		{69303152-128F-41A5-9A4E-10E54C9A3714}.Release|Any CPU.ActiveCfg = Release|Any CPU
		{69303152-128F-41A5-9A4E-10E54C9A3714}.Release|Any CPU.Build.0 = Release|Any CPU
	EndGlobalSection
	GlobalSection(SolutionProperties) = preSolution
		HideSolutionNode = FALSE
	EndGlobalSection
	GlobalSection(ExtensibilityGlobals) = postSolution
		SolutionGuid = {721A97F0-F35F-4C4D-B1CB-88DE45CF70D3}
	EndGlobalSection
EndGlobal
